
Microsoft Visual Studio Solution File, Format Version 12.00
# Visual Studio 15
VisualStudioVersion = 15.0.27428.2002
MinimumVisualStudioVersion = 10.0.40219.1
Project("{FAE04EC0-301F-11D3-BF4B-00C04F79EFBC}") = "carinfo", "carinfo\carinfo.csproj", "{E6C10438-7D6E-4292-915B-4A6A08310B5E}"
EndProject
Global
	GlobalSection(SolutionConfigurationPlatforms) = preSolution
		Debug|Any CPU = Debug|Any CPU
		Release|Any CPU = Release|Any CPU
	EndGlobalSection
	GlobalSection(ProjectConfigurationPlatforms) = postSolution
		{E6C10438-7D6E-4292-915B-4A6A08310B5E}.Debug|Any CPU.ActiveCfg = Debug|Any CPU
		{E6C10438-7D6E-4292-915B-4A6A08310B5E}.Debug|Any CPU.Build.0 = Debug|Any CPU
		{E6C10438-7D6E-4292-915B-4A6A08310B5E}.Release|Any CPU.ActiveCfg = Release|Any CPU
		{E6C10438-7D6E-4292-915B-4A6A08310B5E}.Release|Any CPU.Build.0 = Release|Any CPU
	EndGlobalSection
	GlobalSection(SolutionProperties) = preSolution
		HideSolutionNode = FALSE
	EndGlobalSection
	GlobalSection(ExtensibilityGlobals) = postSolution
		SolutionGuid = {D81F8423-568B-4A03-8439-0C7A57BBBF7B}
	EndGlobalSection
EndGlobal
